
Microsoft Visual Studio Solution File, Format Version 12.00
# Visual Studio Version 17
VisualStudioVersion = 17.0.31903.59
MinimumVisualStudioVersion = 10.0.40219.1
Project("{2150E333-8FDC-42A3-9474-1A3956D46DE8}") = "API", "API", "{F2F58C99-C355-4003-8117-6FAD7E3656AB}"
EndProject
Project("{2150E333-8FDC-42A3-9474-1A3956D46DE8}") = "BuildingBlocks", "BuildingBlocks", "{11B7CCD6-E709-487D-A8CD-12F4EE746991}"
EndProject
Project("{2150E333-8FDC-42A3-9474-1A3956D46DE8}") = "Contexts", "Contexts", "{69B8E75F-70B6-417E-8BF6-E31148FD9209}"
EndProject
Project("{2150E333-8FDC-42A3-9474-1A3956D46DE8}") = "UI", "UI", "{55D54FE9-E525-4677-A2EC-57D84391DC4A}"
EndProject
Project("{FAE04EC0-301F-11D3-BF4B-00C04F79EFBC}") = "GoratLoans.Domain", "src\BuildingBlocks\GoratLoans.Domain\GoratLoans.Domain.csproj", "{F18231E9-CED6-434F-BCD9-45EB984D555F}"
EndProject
Project("{FAE04EC0-301F-11D3-BF4B-00C04F79EFBC}") = "GoratLoans.Infrastructure", "src\BuildingBlocks\GoratLoans.Infrastructure\GoratLoans.Infrastructure.csproj", "{4635C08D-FACC-4E18-A2FF-5152E9628509}"
EndProject
Project("{FAE04EC0-301F-11D3-BF4B-00C04F79EFBC}") = "GoratLoans.UI", "src\UI\GoratLoans.UI\GoratLoans.UI.csproj", "{61316838-0649-497C-88CE-3A3960623BCE}"
EndProject
Project("{2150E333-8FDC-42A3-9474-1A3956D46DE8}") = "Accounting", "Accounting", "{D23FEE98-1F5E-463F-AC4D-196A730A891B}"
EndProject
Project("{FAE04EC0-301F-11D3-BF4B-00C04F79EFBC}") = "GoratLoans.Accounting", "src\Contexts\Accounting\GoratLoans.Accounting\GoratLoans.Accounting.csproj", "{16D08EF9-D42A-408B-A151-2EE82ADCDC99}"
EndProject
Project("{FAE04EC0-301F-11D3-BF4B-00C04F79EFBC}") = "GoratLoans.Accounting.Tests", "src\Contexts\Accounting\GoratLoans.Accounting.Tests\GoratLoans.Accounting.Tests.csproj", "{CB0F54E6-0352-420D-B994-550615E5882E}"
EndProject
Project("{2150E333-8FDC-42A3-9474-1A3956D46DE8}") = "Inventory", "Inventory", "{FC56B496-C134-4A67-8773-1F0A7D6E993A}"
EndProject
Project("{FAE04EC0-301F-11D3-BF4B-00C04F79EFBC}") = "GoratLoans.Inventory", "src\Contexts\Inventory\GoratLoans.Inventory\GoratLoans.Inventory.csproj", "{2C498CE0-283F-40E5-83FD-B7CB6F005B3B}"
EndProject
Project("{FAE04EC0-301F-11D3-BF4B-00C04F79EFBC}") = "GoratLoans.Inventory.Tests", "src\Contexts\Inventory\GoratLoans.Inventory.Tests\GoratLoans.Inventory.Tests.csproj", "{E57D49B3-F38E-4BD4-8EDA-A4B2B9B3CF8D}"
EndProject
Project("{2150E333-8FDC-42A3-9474-1A3956D46DE8}") = "CRM", "CRM", "{FEA77777-DAF3-4DC9-9371-79C075DB25C2}"
EndProject
Project("{FAE04EC0-301F-11D3-BF4B-00C04F79EFBC}") = "GoratLoans.CRM", "src\Contexts\CRM\GoratLoans.CRM\GoratLoans.CRM.csproj", "{A4291B60-C99B-4902-B843-D07FDD9BE36B}"
EndProject
Project("{FAE04EC0-301F-11D3-BF4B-00C04F79EFBC}") = "GoratLoans.Customers.HostedServices", "src\Contexts\CRM\GoratLoans.Customers.HostedServices\GoratLoans.Customers.HostedServices.csproj", "{21E61877-7933-4717-BAA6-81CD2EE344C0}"
EndProject
Project("{FAE04EC0-301F-11D3-BF4B-00C04F79EFBC}") = "GoratLoans.Api", "src\API\GoratLoans.Api\GoratLoans.Api.csproj", "{4AAB84D7-DC5D-416A-AD5F-965A665862F7}"
EndProject
Project("{FAE04EC0-301F-11D3-BF4B-00C04F79EFBC}") = "GoratLoans.CRM.Api", "src\Contexts\CRM\GoratLoans.CRM.Api\GoratLoans.CRM.Api.csproj", "{2C8A09F7-D9D4-464A-8329-820BA9E5AD4D}"
EndProject
Project("{FAE04EC0-301F-11D3-BF4B-00C04F79EFBC}") = "GoratLoans.CRM.Adapters", "src\Contexts\CRM\GoratLoans.CRM.Adapters\GoratLoans.CRM.Adapters.csproj", "{ACA803AC-7C4B-4852-BA1C-AA90522810CD}"
EndProject
Global
	GlobalSection(SolutionConfigurationPlatforms) = preSolution
		Debug|Any CPU = Debug|Any CPU
		Release|Any CPU = Release|Any CPU
	EndGlobalSection
	GlobalSection(SolutionProperties) = preSolution
		HideSolutionNode = FALSE
	EndGlobalSection
	GlobalSection(NestedProjects) = preSolution
		{F18231E9-CED6-434F-BCD9-45EB984D555F} = {11B7CCD6-E709-487D-A8CD-12F4EE746991}
		{4635C08D-FACC-4E18-A2FF-5152E9628509} = {11B7CCD6-E709-487D-A8CD-12F4EE746991}
		{61316838-0649-497C-88CE-3A3960623BCE} = {55D54FE9-E525-4677-A2EC-57D84391DC4A}
		{D23FEE98-1F5E-463F-AC4D-196A730A891B} = {69B8E75F-70B6-417E-8BF6-E31148FD9209}
		{16D08EF9-D42A-408B-A151-2EE82ADCDC99} = {D23FEE98-1F5E-463F-AC4D-196A730A891B}
		{CB0F54E6-0352-420D-B994-550615E5882E} = {D23FEE98-1F5E-463F-AC4D-196A730A891B}
		{FC56B496-C134-4A67-8773-1F0A7D6E993A} = {69B8E75F-70B6-417E-8BF6-E31148FD9209}
		{2C498CE0-283F-40E5-83FD-B7CB6F005B3B} = {FC56B496-C134-4A67-8773-1F0A7D6E993A}
		{E57D49B3-F38E-4BD4-8EDA-A4B2B9B3CF8D} = {FC56B496-C134-4A67-8773-1F0A7D6E993A}
		{FEA77777-DAF3-4DC9-9371-79C075DB25C2} = {69B8E75F-70B6-417E-8BF6-E31148FD9209}
		{A4291B60-C99B-4902-B843-D07FDD9BE36B} = {FEA77777-DAF3-4DC9-9371-79C075DB25C2}
		{21E61877-7933-4717-BAA6-81CD2EE344C0} = {FEA77777-DAF3-4DC9-9371-79C075DB25C2}
		{4AAB84D7-DC5D-416A-AD5F-965A665862F7} = {F2F58C99-C355-4003-8117-6FAD7E3656AB}
		{2C8A09F7-D9D4-464A-8329-820BA9E5AD4D} = {FEA77777-DAF3-4DC9-9371-79C075DB25C2}
		{ACA803AC-7C4B-4852-BA1C-AA90522810CD} = {FEA77777-DAF3-4DC9-9371-79C075DB25C2}
	EndGlobalSection
	GlobalSection(ProjectConfigurationPlatforms) = postSolution
		{F18231E9-CED6-434F-BCD9-45EB984D555F}.Debug|Any CPU.ActiveCfg = Debug|Any CPU
		{F18231E9-CED6-434F-BCD9-45EB984D555F}.Debug|Any CPU.Build.0 = Debug|Any CPU
		{F18231E9-CED6-434F-BCD9-45EB984D555F}.Release|Any CPU.ActiveCfg = Release|Any CPU
		{F18231E9-CED6-434F-BCD9-45EB984D555F}.Release|Any CPU.Build.0 = Release|Any CPU
		{4635C08D-FACC-4E18-A2FF-5152E9628509}.Debug|Any CPU.ActiveCfg = Debug|Any CPU
		{4635C08D-FACC-4E18-A2FF-5152E9628509}.Debug|Any CPU.Build.0 = Debug|Any CPU
		{4635C08D-FACC-4E18-A2FF-5152E9628509}.Release|Any CPU.ActiveCfg = Release|Any CPU
		{4635C08D-FACC-4E18-A2FF-5152E9628509}.Release|Any CPU.Build.0 = Release|Any CPU
		{61316838-0649-497C-88CE-3A3960623BCE}.Debug|Any CPU.ActiveCfg = Debug|Any CPU
		{61316838-0649-497C-88CE-3A3960623BCE}.Debug|Any CPU.Build.0 = Debug|Any CPU
		{61316838-0649-497C-88CE-3A3960623BCE}.Release|Any CPU.ActiveCfg = Release|Any CPU
		{61316838-0649-497C-88CE-3A3960623BCE}.Release|Any CPU.Build.0 = Release|Any CPU
		{16D08EF9-D42A-408B-A151-2EE82ADCDC99}.Debug|Any CPU.ActiveCfg = Debug|Any CPU
		{16D08EF9-D42A-408B-A151-2EE82ADCDC99}.Debug|Any CPU.Build.0 = Debug|Any CPU
		{16D08EF9-D42A-408B-A151-2EE82ADCDC99}.Release|Any CPU.ActiveCfg = Release|Any CPU
		{16D08EF9-D42A-408B-A151-2EE82ADCDC99}.Release|Any CPU.Build.0 = Release|Any CPU
		{CB0F54E6-0352-420D-B994-550615E5882E}.Debug|Any CPU.ActiveCfg = Debug|Any CPU
		{CB0F54E6-0352-420D-B994-550615E5882E}.Debug|Any CPU.Build.0 = Debug|Any CPU
		{CB0F54E6-0352-420D-B994-550615E5882E}.Release|Any CPU.ActiveCfg = Release|Any CPU
		{CB0F54E6-0352-420D-B994-550615E5882E}.Release|Any CPU.Build.0 = Release|Any CPU
		{2C498CE0-283F-40E5-83FD-B7CB6F005B3B}.Debug|Any CPU.ActiveCfg = Debug|Any CPU
		{2C498CE0-283F-40E5-83FD-B7CB6F005B3B}.Debug|Any CPU.Build.0 = Debug|Any CPU
		{2C498CE0-283F-40E5-83FD-B7CB6F005B3B}.Release|Any CPU.ActiveCfg = Release|Any CPU
		{2C498CE0-283F-40E5-83FD-B7CB6F005B3B}.Release|Any CPU.Build.0 = Release|Any CPU
		{E57D49B3-F38E-4BD4-8EDA-A4B2B9B3CF8D}.Debug|Any CPU.ActiveCfg = Debug|Any CPU
		{E57D49B3-F38E-4BD4-8EDA-A4B2B9B3CF8D}.Debug|Any CPU.Build.0 = Debug|Any CPU
		{E57D49B3-F38E-4BD4-8EDA-A4B2B9B3CF8D}.Release|Any CPU.ActiveCfg = Release|Any CPU
		{E57D49B3-F38E-4BD4-8EDA-A4B2B9B3CF8D}.Release|Any CPU.Build.0 = Release|Any CPU
		{A4291B60-C99B-4902-B843-D07FDD9BE36B}.Debug|Any CPU.ActiveCfg = Debug|Any CPU
		{A4291B60-C99B-4902-B843-D07FDD9BE36B}.Debug|Any CPU.Build.0 = Debug|Any CPU
		{A4291B60-C99B-4902-B843-D07FDD9BE36B}.Release|Any CPU.ActiveCfg = Release|Any CPU
		{A4291B60-C99B-4902-B843-D07FDD9BE36B}.Release|Any CPU.Build.0 = Release|Any CPU
		{21E61877-7933-4717-BAA6-81CD2EE344C0}.Debug|Any CPU.ActiveCfg = Debug|Any CPU
		{21E61877-7933-4717-BAA6-81CD2EE344C0}.Debug|Any CPU.Build.0 = Debug|Any CPU
		{21E61877-7933-4717-BAA6-81CD2EE344C0}.Release|Any CPU.ActiveCfg = Release|Any CPU
		{21E61877-7933-4717-BAA6-81CD2EE344C0}.Release|Any CPU.Build.0 = Release|Any CPU
		{4AAB84D7-DC5D-416A-AD5F-965A665862F7}.Debug|Any CPU.ActiveCfg = Debug|Any CPU
		{4AAB84D7-DC5D-416A-AD5F-965A665862F7}.Debug|Any CPU.Build.0 = Debug|Any CPU
		{4AAB84D7-DC5D-416A-AD5F-965A665862F7}.Release|Any CPU.ActiveCfg = Release|Any CPU
		{4AAB84D7-DC5D-416A-AD5F-965A665862F7}.Release|Any CPU.Build.0 = Release|Any CPU
		{2C8A09F7-D9D4-464A-8329-820BA9E5AD4D}.Debug|Any CPU.ActiveCfg = Debug|Any CPU
		{2C8A09F7-D9D4-464A-8329-820BA9E5AD4D}.Debug|Any CPU.Build.0 = Debug|Any CPU
		{2C8A09F7-D9D4-464A-8329-820BA9E5AD4D}.Release|Any CPU.ActiveCfg = Release|Any CPU
		{2C8A09F7-D9D4-464A-8329-820BA9E5AD4D}.Release|Any CPU.Build.0 = Release|Any CPU
		{ACA803AC-7C4B-4852-BA1C-AA90522810CD}.Debug|Any CPU.ActiveCfg = Debug|Any CPU
		{ACA803AC-7C4B-4852-BA1C-AA90522810CD}.Debug|Any CPU.Build.0 = Debug|Any CPU
		{ACA803AC-7C4B-4852-BA1C-AA90522810CD}.Release|Any CPU.ActiveCfg = Release|Any CPU
		{ACA803AC-7C4B-4852-BA1C-AA90522810CD}.Release|Any CPU.Build.0 = Release|Any CPU
	EndGlobalSection
EndGlobal
